<?xml version="1.0" encoding="Windows-1252"?>
<Project ToolsVersion="4.0" xmlns="http://schemas.microsoft.com/developer/msbuild/2003">
  <ItemGroup>
    <CustomBuild Include="..\..\..\..\CMakeFiles\7aee6ff76b29cb66449f8bcaf906d190\INSTALL_force.rule">
      <Filter>CMake Rules</Filter>
    </CustomBuild>
  </ItemGroup>
  <ItemGroup>
    <Filter Include="CMake Rules">
      <UniqueIdentifier>{E2C4595E-8BCC-482E-9C12-E18412E0B7F4}</UniqueIdentifier>
    </Filter>
  </ItemGroup>
</Project>
