<?xml version="1.0" encoding="Windows-1252"?>
<Project ToolsVersion="4.0" xmlns="http://schemas.microsoft.com/developer/msbuild/2003">
  <ItemGroup>
    <ClCompile Include="PbsMaterials.cpp">
      <Filter>Source Files</Filter>
    </ClCompile>
    <ClCompile Include="PbsMaterialsGameState.cpp">
      <Filter>Source Files</Filter>
    </ClCompile>
  </ItemGroup>
  <ItemGroup>
    <ClInclude Include="PbsMaterials.h">
      <Filter>Header Files</Filter>
    </ClInclude>
    <ClInclude Include="PbsMaterialsGameState.h">
      <Filter>Header Files</Filter>
    </ClInclude>
  </ItemGroup>
  <ItemGroup>
    <Filter Include="Source Files">
      <UniqueIdentifier>{A2B8309E-D42B-4269-830F-430EC8A27CE6}</UniqueIdentifier>
    </Filter>
    <Filter Include="Header Files">
      <UniqueIdentifier>{ACCFCABA-012B-4BD8-A819-624D7E5D52F4}</UniqueIdentifier>
    </Filter>
  </ItemGroup>
</Project>
